dependencies:
  espressif/cmake_utilities:
    component_hash: 351350613ceafba240b761b4ea991e0f231ac7a9f59a9ee901f751bddc0bb18f
    dependencies:
    - name: idf
      require: private
      version: '>=4.1'
    source:
      registry_url: https://components.espressif.com
      type: service
    version: 0.5.3
  espressif/esp_lcd_ek79007:
    component_hash: 7a0896e167d88b9fc368ac74b2e84774ec5b48cd9baa390896c4be255d900e2e
    dependencies:
    - name: espressif/cmake_utilities
      registry_url: https://components.espressif.com
      require: private
      version: 0.*
    - name: idf
      require: private
      version: '>=5.3'
    source:
      registry_url: https://components.espressif.com/
      type: service
    targets:
    - esp32p4
    version: 2.0.2
  idf:
    source:
      type: idf
    version: 5.3.5
direct_dependencies:
- espressif/esp_lcd_ek79007
- idf
manifest_hash: 331dd44387c8908846447314609921c2c6e304a3ad7e0b166c67473e6cb93097
target: esp32p4
version: 2.0.0
